
Microsoft Visual Studio Solution File, Format Version 12.00
# Visual Studio Version 16
VisualStudioVersion = 16.0.32901.82
MinimumVisualStudioVersion = 10.0.40219.1
Project("{FAE04EC0-301F-11D3-BF4B-00C04F79EFBC}") = "git", "git\git.csproj", "{37CFE1E2-D9C0-4843-9DA1-1680BBCD3809}"
EndProject
Global
	GlobalSection(SolutionConfigurationPlatforms) = preSolution
		Debug|Any CPU = Debug|Any CPU
		Release|Any CPU = Release|Any CPU
	EndGlobalSection
	GlobalSection(ProjectConfigurationPlatforms) = postSolution
		{37CFE1E2-D9C0-4843-9DA1-1680BBCD3809}.Debug|Any CPU.ActiveCfg = Debug|Any CPU
		{37CFE1E2-D9C0-4843-9DA1-1680BBCD3809}.Debug|Any CPU.Build.0 = Debug|Any CPU
		{37CFE1E2-D9C0-4843-9DA1-1680BBCD3809}.Release|Any CPU.ActiveCfg = Release|Any CPU
		{37CFE1E2-D9C0-4843-9DA1-1680BBCD3809}.Release|Any CPU.Build.0 = Release|Any CPU
	EndGlobalSection
	GlobalSection(SolutionProperties) = preSolution
		HideSolutionNode = FALSE
	EndGlobalSection
	GlobalSection(ExtensibilityGlobals) = postSolution
		SolutionGuid = {8514E3DA-8AB8-492F-AC9A-98BACBEE4408}
	EndGlobalSection
EndGlobal
